{
  "name": "liveart-frontend",
  "version": "1.0.0",
  "lockfileVersion": 3,
  "requires": true,
  "packages": {
    "": {
      "name": "liveart-frontend",
      "version": "1.0.0",
      "license": "MIT",
      "dependencies": {
        "axios": "^1.6.2",
        "bootstrap": "^5.3.2"
      },
      "devDependencies": {
        "parcel": "^2.9.3"
      }
    }
  }
}
